dependencies:
- name: elasticsearch
  repository: oci://registry-1.docker.io/bitnamicharts
  version: 19.19.2
- name: postgresql
  repository: oci://registry-1.docker.io/bitnamicharts
  version: 14.2.3
- name: redis
  repository: oci://registry-1.docker.io/bitnamicharts
  version: 22.0.7
digest: sha256:003679b2c163c0b349b0d621475cdb85c0556f803f2f959a50cef350d3ce956e
generated: "2025-10-08T05:16:23.08106463Z"
