dependencies:
- name: elasticsearch
  repository: https://raw.githubusercontent.com/bitnami/charts/archive-full-index/bitnami
  version: 19.0.1
- name: postgresql
  repository: https://raw.githubusercontent.com/bitnami/charts/archive-full-index/bitnami
  version: 11.1.3
- name: redis
  repository: https://raw.githubusercontent.com/bitnami/charts/archive-full-index/bitnami
  version: 16.13.2
- name: prometheus
  repository: https://prometheus-community.github.io/helm-charts
  version: 19.0.1
- name: prometheus-statsd-exporter
  repository: https://prometheus-community.github.io/helm-charts
  version: 0.7.0
- name: prometheus-postgres-exporter
  repository: https://prometheus-community.github.io/helm-charts
  version: 3.3.0
- name: grafana
  repository: https://grafana.github.io/helm-charts
  version: 6.45.0
digest: sha256:417cabb5ed5465754a8df235f3da6e668ddc54a52a79b0413ae83a72617c872e
generated: "2022-12-09T13:55:56.053872134-05:00"
