dependencies:
- name: postgresql
  repository: oci://registry-1.docker.io/bitnamicharts
  version: 12.6.0
- name: elasticsearch
  repository: oci://registry-1.docker.io/bitnamicharts
  version: 19.10.6
- name: redis
  repository: oci://registry-1.docker.io/bitnamicharts
  version: 17.11.6
digest: sha256:7e8f43054d7a82be728a77702c9bcf577b55037a94b6bf05598fde2549dc8e8e
generated: "2023-07-31T08:07:55.049559427Z"
