dependencies:
- name: postgresql
  repository: oci://registry-1.docker.io/bitnamicharts
  version: 12.6.0
- name: elasticsearch
  repository: oci://registry-1.docker.io/bitnamicharts
  version: 19.10.6
- name: redis
  repository: oci://registry-1.docker.io/bitnamicharts
  version: 17.14.6
digest: sha256:0024eb03fecdc4a25396353f648a0173dd103da20e553621256dd4ba44e9c5f6
generated: "2023-08-07T11:06:23.843699963Z"
