dependencies:
- name: postgresql
  repository: oci://registry-1.docker.io/bitnamicharts
  version: 14.2.3
- name: elasticsearch
  repository: oci://registry-1.docker.io/bitnamicharts
  version: 19.21.2
- name: redis
  repository: oci://registry-1.docker.io/bitnamicharts
  version: 18.17.0
digest: sha256:8cc5bd9921c241e5013eb770b9203511a7dcd53a01cb3cfc0432a6cabdee0d5d
generated: "2024-05-12T14:40:52.27098648Z"
